[[package]]
name = "apispec"
version = "5.2.2"
description = "A pluggable API specification generator. Currently supports the OpenAPI Specification (f.k.a. the Swagger specification)."
category = "main"
optional = false
python-versions = ">=3.7"

[package.extras]
dev = ["PyYAML (>=3.10)", "prance[osv] (>=0.11)", "marshmallow (>=3.13.0)", "pytest", "mock", "flake8 (==4.0.1)", "flake8-bugbear (==22.4.25)", "pre-commit (>=2.4,<3.0)", "mypy (==0.950)", "types-pyyaml", "tox"]
docs = ["marshmallow (>=3.13.0)", "pyyaml (==6.0)", "sphinx (==4.5.0)", "sphinx-issues (==3.0.1)", "sphinx-rtd-theme (==1.0.0)"]
lint = ["flake8 (==4.0.1)", "flake8-bugbear (==22.4.25)", "pre-commit (>=2.4,<3.0)", "mypy (==0.950)", "types-pyyaml"]
marshmallow = ["marshmallow (>=3.13.0)"]
tests = ["PyYAML (>=3.10)", "prance[osv] (>=0.11)", "marshmallow (>=3.13.0)", "pytest", "mock"]
validation = ["prance[osv] (>=0.11)"]
yaml = ["PyYAML (>=3.10)"]

[[package]]
name = "asgiref"
version = "3.5.2"
description = "ASGI specs, helper code, and adapters"
category = "main"
optional = false
python-versions = ">=3.7"

[package.extras]
tests = ["pytest", "pytest-asyncio", "mypy (>=0.800)"]

[[package]]
name = "boto3"
version = "1.24.41"
description = "The AWS SDK for Python"
category = "main"
optional = false
python-versions = ">= 3.7"

[package.dependencies]
botocore = ">=1.27.41,<1.28.0"
jmespath = ">=0.7.1,<2.0.0"
s3transfer = ">=0.6.0,<0.7.0"

[package.extras]
crt = ["botocore[crt] (>=1.21.0,<2.0a0)"]

[[package]]
name = "botocore"
version = "1.27.41"
description = "Low-level, data-driven core of boto 3."
category = "main"
optional = false
python-versions = ">= 3.7"

[package.dependencies]
jmespath = ">=0.7.1,<2.0.0"
python-dateutil = ">=2.1,<3.0.0"
urllib3 = ">=1.25.4,<1.27"

[package.extras]
crt = ["awscrt (==0.13.8)"]

[[package]]
name = "cachetools"
version = "5.0.0"
description = "Extensible memoizing collections and decorators"
category = "main"
optional = false
python-versions = "~=3.7"

[[package]]
name = "certifi"
version = "2022.6.15"
description = "Python package for providing Mozilla's CA Bundle."
category = "main"
optional = false
python-versions = ">=3.6"

[[package]]
name = "cffi"
version = "1.15.1"
description = "Foreign Function Interface for Python calling C code."
category = "main"
optional = false
python-versions = "*"

[package.dependencies]
pycparser = "*"

[[package]]
name = "chardet"
version = "4.0.0"
description = "Universal encoding detector for Python 2 and 3"
category = "main"
optional = false
python-versions = ">=2.7, !=3.0.*, !=3.1.*, !=3.2.*, !=3.3.*, !=3.4.*"

[[package]]
name = "click"
version = "8.1.3"
description = "Composable command line interface toolkit"
category = "main"
optional = false
python-versions = ">=3.7"

[package.dependencies]
colorama = {version = "*", markers = "platform_system == \"Windows\""}

[[package]]
name = "colorama"
version = "0.4.5"
description = "Cross-platform colored terminal text."
category = "main"
optional = false
python-versions = ">=2.7, !=3.0.*, !=3.1.*, !=3.2.*, !=3.3.*, !=3.4.*"

[[package]]
name = "commonmark"
version = "0.9.1"
description = "Python parser for the CommonMark Markdown spec"
category = "main"
optional = false
python-versions = "*"

[package.extras]
test = ["hypothesis (==3.55.3)", "flake8 (==3.7.8)"]

[[package]]
name = "cryptography"
version = "37.0.4"
description = "cryptography is a package which provides cryptographic recipes and primitives to Python developers."
category = "main"
optional = false
python-versions = ">=3.6"

[package.dependencies]
cffi = ">=1.12"

[package.extras]
docs = ["sphinx (>=1.6.5,!=1.8.0,!=3.1.0,!=3.1.1)", "sphinx-rtd-theme"]
docstest = ["pyenchant (>=1.6.11)", "twine (>=1.12.0)", "sphinxcontrib-spelling (>=4.0.1)"]
pep8test = ["black", "flake8", "flake8-import-order", "pep8-naming"]
sdist = ["setuptools_rust (>=0.11.4)"]
ssh = ["bcrypt (>=3.1.5)"]
test = ["pytest (>=6.2.0)", "pytest-benchmark", "pytest-cov", "pytest-subtests", "pytest-xdist", "pretend", "iso8601", "pytz", "hypothesis (>=1.11.4,!=3.79.2)"]

[[package]]
name = "dill"
version = "0.3.2"
description = "serialize all of python"
category = "main"
optional = false
python-versions = ">=2.6, !=3.0.*"

[package.extras]
graph = ["objgraph (>=1.7.2)"]

[[package]]
name = "django"
version = "4.0.6"
description = "A high-level Python web framework that encourages rapid development and clean, pragmatic design."
category = "main"
optional = false
python-versions = ">=3.8"

[package.dependencies]
asgiref = ">=3.4.1,<4"
sqlparse = ">=0.2.2"
tzdata = {version = "*", markers = "sys_platform == \"win32\""}

[package.extras]
argon2 = ["argon2-cffi (>=19.1.0)"]
bcrypt = ["bcrypt"]

[[package]]
name = "dnslib"
version = "0.9.20"
description = "Simple library to encode/decode DNS wire-format packets"
category = "main"
optional = false
python-versions = "*"

[[package]]
name = "dnspython"
version = "2.2.1"
description = "DNS toolkit"
category = "main"
optional = false
python-versions = ">=3.6,<4.0"

[package.extras]
dnssec = ["cryptography (>=2.6,<37.0)"]
curio = ["curio (>=1.2,<2.0)", "sniffio (>=1.1,<2.0)"]
doh = ["h2 (>=4.1.0)", "httpx (>=0.21.1)", "requests (>=2.23.0,<3.0.0)", "requests-toolbelt (>=0.9.1,<0.10.0)"]
idna = ["idna (>=2.1,<4.0)"]
trio = ["trio (>=0.14,<0.20)"]
wmi = ["wmi (>=1.5.1,<2.0.0)"]

[[package]]
name = "ecdsa"
version = "0.18.0"
description = "ECDSA cryptographic signature library (pure python)"
category = "main"
optional = false
python-versions = ">=2.6, !=3.0.*, !=3.1.*, !=3.2.*"

[package.dependencies]
six = ">=1.9.0"

[package.extras]
gmpy = ["gmpy"]
gmpy2 = ["gmpy2"]

[[package]]
name = "flake8"
version = "4.0.1"
description = "the modular source code checker: pep8 pyflakes and co"
category = "main"
optional = false
python-versions = ">=3.6"

[package.dependencies]
mccabe = ">=0.6.0,<0.7.0"
pycodestyle = ">=2.8.0,<2.9.0"
pyflakes = ">=2.4.0,<2.5.0"

[[package]]
name = "idna"
version = "2.10"
description = "Internationalized Domain Names in Applications (IDNA)"
category = "main"
optional = false
python-versions = ">=2.7, !=3.0.*, !=3.1.*, !=3.2.*, !=3.3.*"

[[package]]
name = "jmespath"
version = "1.0.1"
description = "JSON Matching Expressions"
category = "main"
optional = false
python-versions = ">=3.7"

[[package]]
name = "localstack"
version = "1.0.3"
description = "LocalStack - A fully functional local Cloud stack"
category = "main"
optional = false
python-versions = "*"

[package.dependencies]
apispec = ">=5.1.1"
boto3 = ">=1.20"
cachetools = ">=5.0.0,<5.1.0"
click = ">=7.0"
localstack-client = ">=1.31"
localstack-ext = "1.0.3"
plux = ">=1.3.1"
psutil = ">=5.4.8,<6.0.0"
python-dotenv = ">=0.19.1"
pyyaml = ">=5.1"
requests = ">=2.20.0,<2.26"
rich = ">=12.3.0"
semver = ">=2.10"
stevedore = ">=3.4.0"
tailer = ">=0.4.1"

[package.extras]
test = ["pytest-rerunfailures (==10.0)", "pytest-httpserver (>=1.0.1)", "pytest (==6.2.4)", "jsonpath-ng (>=1.5.3)", "deepdiff (>=5.5.0)", "coverage[toml] (>=5.5)"]
runtime = ["xmltodict (>=0.11.0)", "Werkzeug (==2.1.2)", "requests-aws4auth (==0.9)", "readerwriterlock (>=1.0.7)", "Quart (==0.17)", "pyopenssl (>=21.0.0)", "pproxy (>=2.7.0)", "opensearch-py (==1.1.0)", "moto-ext[all] (==3.1.13)", "localstack-ext[runtime] (==1.0.3)", "jsonpath-rw (>=1.4.0,<2.0.0)", "jsonpatch (>=1.24,<2.0)", "flask-swagger (==0.2.12)", "flask-cors (>=3.0.3,<3.1.0)", "flask (>=1.0.2)", "docker (==5.0.0)", "cryptography", "crontab (>=0.22.6)", "cbor2 (>=5.2.0)", "botocore (>=1.12.13)", "boto (>=2.49.0)", "awscli (>=1.22.90)", "aws-sam-translator (>=1.15.1)", "amazon-kclpy (>=2.0.6)", "airspeed (==0.5.19)"]
full = ["xmltodict (>=0.11.0)", "Werkzeug (==2.1.2)", "requests-aws4auth (==0.9)", "readerwriterlock (>=1.0.7)", "Quart (==0.17)", "pyopenssl (>=21.0.0)", "pproxy (>=2.7.0)", "opensearch-py (==1.1.0)", "moto-ext[all] (==3.1.13)", "localstack-ext[runtime] (==1.0.3)", "jsonpath-rw (>=1.4.0,<2.0.0)", "jsonpatch (>=1.24,<2.0)", "flask-swagger (==0.2.12)", "flask-cors (>=3.0.3,<3.1.0)", "flask (>=1.0.2)", "docker (==5.0.0)", "cryptography", "crontab (>=0.22.6)", "cbor2 (>=5.2.0)", "botocore (>=1.12.13)", "boto (>=2.49.0)", "awscli (>=1.22.90)", "aws-sam-translator (>=1.15.1)", "amazon-kclpy (>=2.0.6)", "airspeed (==0.5.19)"]
dev = ["rstr (>=3.2.0)", "networkx (>=2.8.4)", "autoflake", "pypandoc", "pandoc", "isort (==5.9.1)", "pyproject-flake8", "pre-commit (==2.13.0)", "flake8-quotes (>=0.11.0)", "flake8-isort (>=4.0.0)", "flake8-black (==0.3.2)", "flake8 (>=3.6.0)", "cython", "coveralls (==3.1.0)", "black (==22.3.0)"]

[[package]]
name = "localstack-client"
version = "1.35"
description = "A lightweight Python client for LocalStack."
category = "main"
optional = false
python-versions = "*"

[package.dependencies]
boto3 = "*"

[package.extras]
test = ["coverage", "pycodestyle", "nose", "localstack"]

[[package]]
name = "localstack-ext"
version = "1.0.3"
description = "Extensions for LocalStack"
category = "main"
optional = false
python-versions = "*"

[package.dependencies]
dill = "0.3.2"
dnslib = ">=0.9.10"
dnspython = ">=1.16.0"
localstack = ">=1.0.1.dev"
plux = ">=1.3.1"
pyaes = ">=1.6.0"
python-jose = {version = ">=3.1.0,<4.0.0", extras = ["cryptography"]}
requests = ">=2.20.0,<2.26"
tabulate = "*"
windows-curses = {version = "*", markers = "platform_system == \"Windows\""}

[package.extras]
package = ["python-minifier"]
runtime = ["avro (>=1.11.0)", "amazon.ion (==0.8)", "aws-encryption-sdk (>=3.1.0)", "dirtyjson (==1.0.7)", "docker-registry-client (>=0.5.2)", "docker (==5.0.0)", "dulwich (>=0.19.16)", "flask (>=1.0.2)", "graphql-core (>=3.0.3)", "janus (>=0.5.0)", "jsonpatch (>=1.32)", "Js2Py (>=0.71)", "kafka-python", "kubernetes (==21.7.0)", "localstack[runtime] (>=1.0.1.dev)", "moto-ext[all] (>=3.1.12)", "paho-mqtt (>=1.5)", "parse (==1.19.0)", "parquet (>=1.3.1)", "pg8000 (>=1.10)", "postgres (>=2.2.2)", "postgresql-proxy (>=0.0.1)", "presto-python-client (>=0.7.0)", "pyftpdlib (>=1.5.6)", "pyhive[hive] (>=0.6.1)", "pyion2json (>=0.0.2)", "PyJWT (>=1.7.0)", "pyqldb (>=3.2,<4.0)", "python-snappy (>=0.6)", "readerwriterlock (>=1.0.7)", "rsa (>=4.0)", "sql-metadata (>=2.6.0)", "srp-ext (==1.0.7.1)", "testing.common.database (>=1.1.0)", "tornado (>=6.0)", "warrant-ext (>=0.6.2)", "websockets (>=8.1)", "Whoosh (>=2.7.4)"]
test = ["aiohttp", "appdirs", "aws_xray_sdk (>=2.4.2)", "azure-common (>=1.1.26)", "azure-core (>=1.9.0)", "azure-devops (>=6.0.0b4)", "azure-functions (>=1.5.0)", "azure-identity (>=1.5.0)", "azure-mgmt-core (>=1.2.2)", "azure-mgmt-storage (>=16.0.0)", "azure-mgmt-web (>=1.0.0)", "azure-servicebus (>=7.0.1)", "azure-storage-blob (>=12.3.0)", "azure-storage-queue (>=12.1.1)", "black (==22.3.0)", "coverage[toml] (>=5.0.0)", "coveralls", "flake8-black (==0.3.2)", "flake8-isort (>=4.0.0)", "flake8-quotes (>=0.11.0)", "flake8 (==3.9.2)", "gremlinpython (==3.5.1)", "isort (==5.9.1)", "Js2Py (>=0.71)", "jws (>=0.1.3)", "localstack[test] (>=1.0.1.dev)", "msal", "msal-extensions", "msrest", "nest-asyncio (>=1.4.1)", "paramiko (>=2.11.0,<2.12.0)", "portalocker", "pre-commit (==2.13.0)", "pyarrow", "pykafka", "pymongo", "pymssql", "pymysql", "pyproject-flake8", "pytest-dependency (==0.5.1)", "pytest-httpserver (>=1.0.1)", "pytest-instafail (>=0.4.2)", "pytest-rerunfailures (==10.0)", "pytest (==6.2.4)", "redis (==3.3.7)", "redshift-connector"]
test_ext = ["pyathena"]
test_overrides = ["moto-ext[all] (>=3.1.10)"]

[[package]]
name = "mccabe"
version = "0.6.1"
description = "McCabe checker, plugin for flake8"
category = "main"
optional = false
python-versions = "*"

[[package]]
name = "pbr"
version = "5.9.0"
description = "Python Build Reasonableness"
category = "main"
optional = false
python-versions = ">=2.6"

[[package]]
name = "plux"
version = "1.3.1"
description = "A dynamic code loading framework for building pluggable Python distributions"
category = "main"
optional = false
python-versions = "*"

[package.dependencies]
stevedore = ">=3.4"

[package.extras]
dev = ["pytest (==6.2.4)", "isort (==5.9.1)", "black (==21.6b0)"]

[[package]]
name = "psutil"
version = "5.9.1"
description = "Cross-platform lib for process and system monitoring in Python."
category = "main"
optional = false
python-versions = ">=2.7, !=3.0.*, !=3.1.*, !=3.2.*, !=3.3.*"

[package.extras]
test = ["ipaddress", "mock", "enum34", "pywin32", "wmi"]

[[package]]
name = "psycopg2"
version = "2.9.3"
description = "psycopg2 - Python-PostgreSQL Database Adapter"
category = "main"
optional = false
python-versions = ">=3.6"

[[package]]
name = "pyaes"
version = "1.6.1"
description = "Pure-Python Implementation of the AES block-cipher and common modes of operation"
category = "main"
optional = false
python-versions = "*"

[[package]]
name = "pyasn1"
version = "0.4.8"
description = "ASN.1 types and codecs"
category = "main"
optional = false
python-versions = "*"

[[package]]
name = "pycodestyle"
version = "2.8.0"
description = "Python style guide checker"
category = "main"
optional = false
python-versions = ">=2.7, !=3.0.*, !=3.1.*, !=3.2.*, !=3.3.*, !=3.4.*"

[[package]]
name = "pycparser"
version = "2.21"
description = "C parser in Python"
category = "main"
optional = false
python-versions = ">=2.7, !=3.0.*, !=3.1.*, !=3.2.*, !=3.3.*"

[[package]]
name = "pyflakes"
version = "2.4.0"
description = "passive checker of Python programs"
category = "main"
optional = false
python-versions = ">=2.7, !=3.0.*, !=3.1.*, !=3.2.*, !=3.3.*"

[[package]]
name = "pygments"
version = "2.12.0"
description = "Pygments is a syntax highlighting package written in Python."
category = "main"
optional = false
python-versions = ">=3.6"

[[package]]
name = "python-dateutil"
version = "2.8.2"
description = "Extensions to the standard Python datetime module"
category = "main"
optional = false
python-versions = "!=3.0.*,!=3.1.*,!=3.2.*,>=2.7"

[package.dependencies]
six = ">=1.5"

[[package]]
name = "python-dotenv"
version = "0.20.0"
description = "Read key-value pairs from a .env file and set them as environment variables"
category = "main"
optional = false
python-versions = ">=3.5"

[package.extras]
cli = ["click (>=5.0)"]

[[package]]
name = "python-jose"
version = "3.3.0"
description = "JOSE implementation in Python"
category = "main"
optional = false
python-versions = "*"

[package.dependencies]
cryptography = {version = ">=3.4.0", optional = true, markers = "extra == \"cryptography\""}
ecdsa = "!=0.15"
pyasn1 = "*"
rsa = "*"

[package.extras]
cryptography = ["cryptography (>=3.4.0)"]
pycrypto = ["pycrypto (>=2.6.0,<2.7.0)", "pyasn1"]
pycryptodome = ["pycryptodome (>=3.3.1,<4.0.0)", "pyasn1"]

[[package]]
name = "pyyaml"
version = "6.0"
description = "YAML parser and emitter for Python"
category = "main"
optional = false
python-versions = ">=3.6"

[[package]]
name = "requests"
version = "2.25.1"
description = "Python HTTP for Humans."
category = "main"
optional = false
python-versions = ">=2.7, !=3.0.*, !=3.1.*, !=3.2.*, !=3.3.*, !=3.4.*"

[package.dependencies]
certifi = ">=2017.4.17"
chardet = ">=3.0.2,<5"
idna = ">=2.5,<3"
urllib3 = ">=1.21.1,<1.27"

[package.extras]
security = ["pyOpenSSL (>=0.14)", "cryptography (>=1.3.4)"]
socks = ["PySocks (>=1.5.6,!=1.5.7)", "win-inet-pton"]

[[package]]
name = "rich"
version = "12.5.1"
description = "Render rich text, tables, progress bars, syntax highlighting, markdown and more to the terminal"
category = "main"
optional = false
python-versions = ">=3.6.3,<4.0.0"

[package.dependencies]
commonmark = ">=0.9.0,<0.10.0"
pygments = ">=2.6.0,<3.0.0"

[package.extras]
jupyter = ["ipywidgets (>=7.5.1,<8.0.0)"]

[[package]]
name = "rsa"
version = "4.9"
description = "Pure-Python RSA implementation"
category = "main"
optional = false
python-versions = ">=3.6,<4"

[package.dependencies]
pyasn1 = ">=0.1.3"

[[package]]
name = "s3transfer"
version = "0.6.0"
description = "An Amazon S3 Transfer Manager"
category = "main"
optional = false
python-versions = ">= 3.7"

[package.dependencies]
botocore = ">=1.12.36,<2.0a.0"

[package.extras]
crt = ["botocore[crt] (>=1.20.29,<2.0a.0)"]

[[package]]
name = "semver"
version = "2.13.0"
description = "Python helper for Semantic Versioning (http://semver.org/)"
category = "main"
optional = false
python-versions = ">=2.7, !=3.0.*, !=3.1.*, !=3.2.*, !=3.3.*"

[[package]]
name = "six"
version = "1.16.0"
description = "Python 2 and 3 compatibility utilities"
category = "main"
optional = false
python-versions = ">=2.7, !=3.0.*, !=3.1.*, !=3.2.*"

[[package]]
name = "sqlparse"
version = "0.4.2"
description = "A non-validating SQL parser."
category = "main"
optional = false
python-versions = ">=3.5"

[[package]]
name = "stevedore"
version = "4.0.0"
description = "Manage dynamic plugins for Python applications"
category = "main"
optional = false
python-versions = ">=3.8"

[package.dependencies]
pbr = ">=2.0.0,<2.1.0 || >2.1.0"

[[package]]
name = "tabulate"
version = "0.8.10"
description = "Pretty-print tabular data"
category = "main"
optional = false
python-versions = ">=2.7, !=3.0.*, !=3.1.*, !=3.2.*, !=3.3.*, !=3.4.*"

[package.extras]
widechars = ["wcwidth"]

[[package]]
name = "tailer"
version = "0.4.1"
description = "Python tail is a simple implementation of GNU tail and head."
category = "main"
optional = false
python-versions = "*"

[[package]]
name = "tzdata"
version = "2022.1"
description = "Provider of IANA time zone data"
category = "main"
optional = false
python-versions = ">=2"

[[package]]
name = "urllib3"
version = "1.26.11"
description = "HTTP library with thread-safe connection pooling, file post, and more."
category = "main"
optional = false
python-versions = ">=2.7, !=3.0.*, !=3.1.*, !=3.2.*, !=3.3.*, !=3.4.*, !=3.5.*, <4"

[package.extras]
brotli = ["brotlicffi (>=0.8.0)", "brotli (>=1.0.9)", "brotlipy (>=0.6.0)"]
secure = ["pyOpenSSL (>=0.14)", "cryptography (>=1.3.4)", "idna (>=2.0.0)", "certifi", "ipaddress"]
socks = ["PySocks (>=1.5.6,!=1.5.7,<2.0)"]

[[package]]
name = "windows-curses"
version = "2.3.0"
description = "Support for the standard curses module on Windows"
category = "main"
optional = false
python-versions = "*"

[metadata]
lock-version = "1.1"
python-versions = "^3.9"
content-hash = "e2d802bde1cd9fa1e4c6ac39ec04a472059c7a69656aff7cf5fae8a2a9481d39"

[metadata.files]
apispec = []
asgiref = [
    {file = "asgiref-3.5.2-py3-none-any.whl", hash = "sha256:1d2880b792ae8757289136f1db2b7b99100ce959b2aa57fd69dab783d05afac4"},
    {file = "asgiref-3.5.2.tar.gz", hash = "sha256:4a29362a6acebe09bf1d6640db38c1dc3d9217c68e6f9f6204d72667fc19a424"},
]
boto3 = []
botocore = []
cachetools = []
certifi = [
    {file = "certifi-2022.6.15-py3-none-any.whl", hash = "sha256:fe86415d55e84719d75f8b69414f6438ac3547d2078ab91b67e779ef69378412"},
    {file = "certifi-2022.6.15.tar.gz", hash = "sha256:84c85a9078b11105f04f3036a9482ae10e4621616db313fe045dd24743a0820d"},
]
cffi = []
chardet = []
click = [
    {file = "click-8.1.3-py3-none-any.whl", hash = "sha256:bb4d8133cb15a609f44e8213d9b391b0809795062913b383c62be0ee95b1db48"},
    {file = "click-8.1.3.tar.gz", hash = "sha256:7682dc8afb30297001674575ea00d1814d808d6a36af415a82bd481d37ba7b8e"},
]
colorama = [
    {file = "colorama-0.4.5-py2.py3-none-any.whl", hash = "sha256:854bf444933e37f5824ae7bfc1e98d5bce2ebe4160d46b5edf346a89358e99da"},
    {file = "colorama-0.4.5.tar.gz", hash = "sha256:e6c6b4334fc50988a639d9b98aa429a0b57da6e17b9a44f0451f930b6967b7a4"},
]
commonmark = []
cryptography = []
dill = []
django = []
dnslib = []
dnspython = []
ecdsa = []
flake8 = []
idna = []
jmespath = []
localstack = []
localstack-client = []
localstack-ext = []
mccabe = []
pbr = []
plux = []
psutil = []
psycopg2 = [
    {file = "psycopg2-2.9.3-cp310-cp310-win32.whl", hash = "sha256:083707a696e5e1c330af2508d8fab36f9700b26621ccbcb538abe22e15485362"},
    {file = "psycopg2-2.9.3-cp310-cp310-win_amd64.whl", hash = "sha256:d3ca6421b942f60c008f81a3541e8faf6865a28d5a9b48544b0ee4f40cac7fca"},
    {file = "psycopg2-2.9.3-cp36-cp36m-win32.whl", hash = "sha256:9572e08b50aed176ef6d66f15a21d823bb6f6d23152d35e8451d7d2d18fdac56"},
    {file = "psycopg2-2.9.3-cp36-cp36m-win_amd64.whl", hash = "sha256:a81e3866f99382dfe8c15a151f1ca5fde5815fde879348fe5a9884a7c092a305"},
    {file = "psycopg2-2.9.3-cp37-cp37m-win32.whl", hash = "sha256:cb10d44e6694d763fa1078a26f7f6137d69f555a78ec85dc2ef716c37447e4b2"},
    {file = "psycopg2-2.9.3-cp37-cp37m-win_amd64.whl", hash = "sha256:4295093a6ae3434d33ec6baab4ca5512a5082cc43c0505293087b8a46d108461"},
    {file = "psycopg2-2.9.3-cp38-cp38-win32.whl", hash = "sha256:34b33e0162cfcaad151f249c2649fd1030010c16f4bbc40a604c1cb77173dcf7"},
    {file = "psycopg2-2.9.3-cp38-cp38-win_amd64.whl", hash = "sha256:0762c27d018edbcb2d34d51596e4346c983bd27c330218c56c4dc25ef7e819bf"},
    {file = "psycopg2-2.9.3-cp39-cp39-win32.whl", hash = "sha256:8cf3878353cc04b053822896bc4922b194792df9df2f1ad8da01fb3043602126"},
    {file = "psycopg2-2.9.3-cp39-cp39-win_amd64.whl", hash = "sha256:06f32425949bd5fe8f625c49f17ebb9784e1e4fe928b7cce72edc36fb68e4c0c"},
    {file = "psycopg2-2.9.3.tar.gz", hash = "sha256:8e841d1bf3434da985cc5ef13e6f75c8981ced601fd70cc6bf33351b91562981"},
]
pyaes = []
pyasn1 = [
    {file = "pyasn1-0.4.8-py2.4.egg", hash = "sha256:fec3e9d8e36808a28efb59b489e4528c10ad0f480e57dcc32b4de5c9d8c9fdf3"},
    {file = "pyasn1-0.4.8-py2.5.egg", hash = "sha256:0458773cfe65b153891ac249bcf1b5f8f320b7c2ce462151f8fa74de8934becf"},
    {file = "pyasn1-0.4.8-py2.6.egg", hash = "sha256:5c9414dcfede6e441f7e8f81b43b34e834731003427e5b09e4e00e3172a10f00"},
    {file = "pyasn1-0.4.8-py2.7.egg", hash = "sha256:6e7545f1a61025a4e58bb336952c5061697da694db1cae97b116e9c46abcf7c8"},
    {file = "pyasn1-0.4.8-py2.py3-none-any.whl", hash = "sha256:39c7e2ec30515947ff4e87fb6f456dfc6e84857d34be479c9d4a4ba4bf46aa5d"},
    {file = "pyasn1-0.4.8-py3.1.egg", hash = "sha256:78fa6da68ed2727915c4767bb386ab32cdba863caa7dbe473eaae45f9959da86"},
    {file = "pyasn1-0.4.8-py3.2.egg", hash = "sha256:08c3c53b75eaa48d71cf8c710312316392ed40899cb34710d092e96745a358b7"},
    {file = "pyasn1-0.4.8-py3.3.egg", hash = "sha256:03840c999ba71680a131cfaee6fab142e1ed9bbd9c693e285cc6aca0d555e576"},
    {file = "pyasn1-0.4.8-py3.4.egg", hash = "sha256:7ab8a544af125fb704feadb008c99a88805126fb525280b2270bb25cc1d78a12"},
    {file = "pyasn1-0.4.8-py3.5.egg", hash = "sha256:e89bf84b5437b532b0803ba5c9a5e054d21fec423a89952a74f87fa2c9b7bce2"},
    {file = "pyasn1-0.4.8-py3.6.egg", hash = "sha256:014c0e9976956a08139dc0712ae195324a75e142284d5f87f1a87ee1b068a359"},
    {file = "pyasn1-0.4.8-py3.7.egg", hash = "sha256:99fcc3c8d804d1bc6d9a099921e39d827026409a58f2a720dcdb89374ea0c776"},
    {file = "pyasn1-0.4.8.tar.gz", hash = "sha256:aef77c9fb94a3ac588e87841208bdec464471d9871bd5050a287cc9a475cd0ba"},
]
pycodestyle = []
pycparser = [
    {file = "pycparser-2.21-py2.py3-none-any.whl", hash = "sha256:8ee45429555515e1f6b185e78100aea234072576aa43ab53aefcae078162fca9"},
    {file = "pycparser-2.21.tar.gz", hash = "sha256:e644fdec12f7872f86c58ff790da456218b10f863970249516d60a5eaca77206"},
]
pyflakes = []
pygments = []
python-dateutil = []
python-dotenv = []
python-jose = []
pyyaml = []
requests = []
rich = []
rsa = []
s3transfer = []
semver = []
six = [
    {file = "six-1.16.0-py2.py3-none-any.whl", hash = "sha256:8abb2f1d86890a2dfb989f9a77cfcfd3e47c2a354b01111771326f8aa26e0254"},
    {file = "six-1.16.0.tar.gz", hash = "sha256:1e61c37477a1626458e36f7b1d82aa5c9b094fa4802892072e49de9c60c4c926"},
]
sqlparse = [
    {file = "sqlparse-0.4.2-py3-none-any.whl", hash = "sha256:48719e356bb8b42991bdbb1e8b83223757b93789c00910a616a071910ca4a64d"},
    {file = "sqlparse-0.4.2.tar.gz", hash = "sha256:0c00730c74263a94e5a9919ade150dfc3b19c574389985446148402998287dae"},
]
stevedore = []
tabulate = []
tailer = []
tzdata = [
    {file = "tzdata-2022.1-py2.py3-none-any.whl", hash = "sha256:238e70234214138ed7b4e8a0fab0e5e13872edab3be586ab8198c407620e2ab9"},
    {file = "tzdata-2022.1.tar.gz", hash = "sha256:8b536a8ec63dc0751342b3984193a3118f8fca2afe25752bb9b7fffd398552d3"},
]
urllib3 = []
windows-curses = []
